// !$*UTF8*$!
{
	archiveVersion = 1;
	classes = {
	};
	objectVersion = 50;
	objects = {

/* Begin PBXBuildFile section */
		C2B08A1925B759C50038D385 /* AppDelegate.swift in Sources */ = {isa = PBXBuildFile; fileRef = C2B08A1825B759C50038D385 /* AppDelegate.swift */; };
		C2B08A1B25B759C50038D385 /* SceneDelegate.swift in Sources */ = {isa = PBXBuildFile; fileRef = C2B08A1A25B759C50038D385 /* SceneDelegate.swift */; };
		C2B08A1D25B759C50038D385 /* ViewController.swift in Sources */ = {isa = PBXBuildFile; fileRef = C2B08A1C25B759C50038D385 /* ViewController.swift */; };
		C2B08A2025B759C60038D385 /* Main.storyboard in Resources */ = {isa = PBXBuildFile; fileRef = C2B08A1E25B759C50038D385 /* Main.storyboard */; };
		C2B08A2225B759C80038D385 /* Assets.xcassets in Resources */ = {isa = PBXBuildFile; fileRef = C2B08A2125B759C80038D385 /* Assets.xcassets */; };
		C2B08A2525B759C80038D385 /* LaunchScreen.storyboard in Resources */ = {isa = PBXBuildFile; fileRef = C2B08A2325B759C80038D385 /* LaunchScreen.storyboard */; };
		C2B08A3025B759C90038D385 /* testAppTests.swift in Sources */ = {isa = PBXBuildFile; fileRef = C2B08A2F25B759C90038D385 /* testAppTests.swift */; };
		C2B08A3B25B759C90038D385 /* testAppUITests.swift in Sources */ = {isa = PBXBuildFile; fileRef = C2B08A3A25B759C90038D385 /* testAppUITests.swift */; };
		C2B08A4C25B75B270038D385 /* UrunViewController.swift in Sources */ = {isa = PBXBuildFile; fileRef = C2B08A4B25B75B270038D385 /* UrunViewController.swift */; };
		C2B08A5125B81CE80038D385 /* KasaViewController.swift in Sources */ = {isa = PBXBuildFile; fileRef = C2B08A5025B81CE80038D385 /* KasaViewController.swift */; };
/* End PBXBuildFile section */

/* Begin PBXContainerItemProxy section */
		C2B08A2C25B759C90038D385 /* PBXContainerItemProxy */ = {
			isa = PBXContainerItemProxy;
			containerPortal = C2B08A0D25B759C50038D385 /* Project object */;
			proxyType = 1;
			remoteGlobalIDString = C2B08A1425B759C50038D385;
			remoteInfo = testApp;
		};
		C2B08A3725B759C90038D385 /* PBXContainerItemProxy */ = {
			isa = PBXContainerItemProxy;
			containerPortal = C2B08A0D25B759C50038D385 /* Project object */;
			proxyType = 1;
			remoteGlobalIDString = C2B08A1425B759C50038D385;
			remoteInfo = testApp;
		};
/* End PBXContainerItemProxy section */

/* Begin PBXFileReference section */
		C2B08A1525B759C50038D385 /* testApp.app */ = {isa = PBXFileReference; explicitFileType = wrapper.application; includeInIndex = 0; path = testApp.app; sourceTree = BUILT_PRODUCTS_DIR; };
		C2B08A1825B759C50038D385 /* AppDelegate.swift */ = {isa = PBXFileReference; lastKnownFileType = sourcecode.swift; path = AppDelegate.swift; sourceTree = "<group>"; };
		C2B08A1A25B759C50038D385 /* SceneDelegate.swift */ = {isa = PBXFileReference; lastKnownFileType = sourcecode.swift; path = SceneDelegate.swift; sourceTree = "<group>"; };
		C2B08A1C25B759C50038D385 /* ViewController.swift */ = {isa = PBXFileReference; lastKnownFileType = sourcecode.swift; path = ViewController.swift; sourceTree = "<group>"; };
		C2B08A1F25B759C50038D385 /* Base */ = {isa = PBXFileReference; lastKnownFileType = file.storyboard; name = Base; path = Base.lproj/Main.storyboard; sourceTree = "<group>"; };
		C2B08A2125B759C80038D385 /* Assets.xcassets */ = {isa = PBXFileReference; lastKnownFileType = folder.assetcatalog; path = Assets.xcassets; sourceTree = "<group>"; };
		C2B08A2425B759C80038D385 /* Base */ = {isa = PBXFileReference; lastKnownFileType = file.storyboard; name = Base; path = Base.lproj/LaunchScreen.storyboard; sourceTree = "<group>"; };
		C2B08A2625B759C80038D385 /* Info.plist */ = {isa = PBXFileReference; lastKnownFileType = text.plist.xml; path = Info.plist; sourceTree = "<group>"; };
		C2B08A2B25B759C90038D385 /* testAppTests.xctest */ = {isa = PBXFileReference; explicitFileType = wrapper.cfbundle; includeInIndex = 0; path = testAppTests.xctest; sourceTree = BUILT_PRODUCTS_DIR; };
		C2B08A2F25B759C90038D385 /* testAppTests.swift */ = {isa = PBXFileReference; lastKnownFileType = sourcecode.swift; path = testAppTests.swift; sourceTree = "<group>"; };
		C2B08A3125B759C90038D385 /* Info.plist */ = {isa = PBXFileReference; lastKnownFileType = text.plist.xml; path = Info.plist; sourceTree = "<group>"; };
		C2B08A3625B759C90038D385 /* testAppUITests.xctest */ = {isa = PBXFileReference; explicitFileType = wrapper.cfbundle; includeInIndex = 0; path = testAppUITests.xctest; sourceTree = BUILT_PRODUCTS_DIR; };
		C2B08A3A25B759C90038D385 /* testAppUITests.swift */ = {isa = PBXFileReference; lastKnownFileType = sourcecode.swift; path = testAppUITests.swift; sourceTree = "<group>"; };
		C2B08A3C25B759C90038D385 /* Info.plist */ = {isa = PBXFileReference; lastKnownFileType = text.plist.xml; path = Info.plist; sourceTree = "<group>"; };
		C2B08A4B25B75B270038D385 /* UrunViewController.swift */ = {isa = PBXFileReference; lastKnownFileType = sourcecode.swift; path = UrunViewController.swift; sourceTree = "<group>"; };
		C2B08A5025B81CE80038D385 /* KasaViewController.swift */ = {isa = PBXFileReference; lastKnownFileType = sourcecode.swift; path = KasaViewController.swift; sourceTree = "<group>"; };
/* End PBXFileReference section */

/* Begin PBXFrameworksBuildPhase section */
		C2B08A1225B759C50038D385 /* Frameworks */ = {
			isa = PBXFrameworksBuildPhase;
			buildActionMask = 2147483647;
			files = (
			);
			runOnlyForDeploymentPostprocessing = 0;
		};
		C2B08A2825B759C90038D385 /* Frameworks */ = {
			isa = PBXFrameworksBuildPhase;
			buildActionMask = 2147483647;
			files = (
			);
			runOnlyForDeploymentPostprocessing = 0;
		};
		C2B08A3325B759C90038D385 /* Frameworks */ = {
			isa = PBXFrameworksBuildPhase;
			buildActionMask = 2147483647;
			files = (
			);
			runOnlyForDeploymentPostprocessing = 0;
		};
/* End PBXFrameworksBuildPhase section */

/* Begin PBXGroup section */
		C2B08A0C25B759C50038D385 = {
			isa = PBXGroup;
			children = (
				C2B08A1725B759C50038D385 /* testApp */,
				C2B08A2E25B759C90038D385 /* testAppTests */,
				C2B08A3925B759C90038D385 /* testAppUITests */,
				C2B08A1625B759C50038D385 /* Products */,
			);
			sourceTree = "<group>";
		};
		C2B08A1625B759C50038D385 /* Products */ = {
			isa = PBXGroup;
			children = (
				C2B08A1525B759C50038D385 /* testApp.app */,
				C2B08A2B25B759C90038D385 /* testAppTests.xctest */,
				C2B08A3625B759C90038D385 /* testAppUITests.xctest */,
			);
			name = Products;
			sourceTree = "<group>";
		};
		C2B08A1725B759C50038D385 /* testApp */ = {
			isa = PBXGroup;
			children = (
				C2B08A1825B759C50038D385 /* AppDelegate.swift */,
				C2B08A1A25B759C50038D385 /* SceneDelegate.swift */,
				C2B08A1C25B759C50038D385 /* ViewController.swift */,
				C2B08A1E25B759C50038D385 /* Main.storyboard */,
				C2B08A2125B759C80038D385 /* Assets.xcassets */,
				C2B08A2325B759C80038D385 /* LaunchScreen.storyboard */,
				C2B08A2625B759C80038D385 /* Info.plist */,
				C2B08A4B25B75B270038D385 /* UrunViewController.swift */,
				C2B08A5025B81CE80038D385 /* KasaViewController.swift */,
			);
			path = testApp;
			sourceTree = "<group>";
		};
		C2B08A2E25B759C90038D385 /* testAppTests */ = {
			isa = PBXGroup;
			children = (
				C2B08A2F25B759C90038D385 /* testAppTests.swift */,
				C2B08A3125B759C90038D385 /* Info.plist */,
			);
			path = testAppTests;
			sourceTree = "<group>";
		};
		C2B08A3925B759C90038D385 /* testAppUITests */ = {
			isa = PBXGroup;
			children = (
				C2B08A3A25B759C90038D385 /* testAppUITests.swift */,
				C2B08A3C25B759C90038D385 /* Info.plist */,
			);
			path = testAppUITests;
			sourceTree = "<group>";
		};
/* End PBXGroup section */

/* Begin PBXNativeTarget section */
		C2B08A1425B759C50038D385 /* testApp */ = {
			isa = PBXNativeTarget;
			buildConfigurationList = C2B08A3F25B759C90038D385 /* Build configuration list for PBXNativeTarget "testApp" */;
			buildPhases = (
				C2B08A1125B759C50038D385 /* Sources */,
				C2B08A1225B759C50038D385 /* Frameworks */,
				C2B08A1325B759C50038D385 /* Resources */,
			);
			buildRules = (
			);
			dependencies = (
			);
			name = testApp;
			productName = testApp;
			productReference = C2B08A1525B759C50038D385 /* testApp.app */;
			productType = "com.apple.product-type.application";
		};
		C2B08A2A25B759C90038D385 /* testAppTests */ = {
			isa = PBXNativeTarget;
			buildConfigurationList = C2B08A4225B759C90038D385 /* Build configuration list for PBXNativeTarget "testAppTests" */;
			buildPhases = (
				C2B08A2725B759C90038D385 /* Sources */,
				C2B08A2825B759C90038D385 /* Frameworks */,
				C2B08A2925B759C90038D385 /* Resources */,
			);
			buildRules = (
			);
			dependencies = (
				C2B08A2D25B759C90038D385 /* PBXTargetDependency */,
			);
			name = testAppTests;
			productName = testAppTests;
			productReference = C2B08A2B25B759C90038D385 /* testAppTests.xctest */;
			productType = "com.apple.product-type.bundle.unit-test";
		};
		C2B08A3525B759C90038D385 /* testAppUITests */ = {
			isa = PBXNativeTarget;
			buildConfigurationList = C2B08A4525B759C90038D385 /* Build configuration list for PBXNativeTarget "testAppUITests" */;
			buildPhases = (
				C2B08A3225B759C90038D385 /* Sources */,
				C2B08A3325B759C90038D385 /* Frameworks */,
				C2B08A3425B759C90038D385 /* Resources */,
			);
			buildRules = (
			);
			dependencies = (
				C2B08A3825B759C90038D385 /* PBXTargetDependency */,
			);
			name = testAppUITests;
			productName = testAppUITests;
			productReference = C2B08A3625B759C90038D385 /* testAppUITests.xctest */;
			productType = "com.apple.product-type.bundle.ui-testing";
		};
/* End PBXNativeTarget section */

/* Begin PBXProject section */
		C2B08A0D25B759C50038D385 /* Project object */ = {
			isa = PBXProject;
			attributes = {
				LastSwiftUpdateCheck = 1200;
				LastUpgradeCheck = 1200;
				TargetAttributes = {
					C2B08A1425B759C50038D385 = {
						CreatedOnToolsVersion = 12.0.1;
					};
					C2B08A2A25B759C90038D385 = {
						CreatedOnToolsVersion = 12.0.1;
						TestTargetID = C2B08A1425B759C50038D385;
					};
					C2B08A3525B759C90038D385 = {
						CreatedOnToolsVersion = 12.0.1;
						TestTargetID = C2B08A1425B759C50038D385;
					};
				};
			};
			buildConfigurationList = C2B08A1025B759C50038D385 /* Build configuration list for PBXProject "testApp" */;
			compatibilityVersion = "Xcode 9.3";
			developmentRegion = en;
			hasScannedForEncodings = 0;
			knownRegions = (
				en,
				Base,
			);
			mainGroup = C2B08A0C25B759C50038D385;
			productRefGroup = C2B08A1625B759C50038D385 /* Products */;
			projectDirPath = "";
			projectRoot = "";
			targets = (
				C2B08A1425B759C50038D385 /* testApp */,
				C2B08A2A25B759C90038D385 /* testAppTests */,
				C2B08A3525B759C90038D385 /* testAppUITests */,
			);
		};
/* End PBXProject section */

/* Begin PBXResourcesBuildPhase section */
		C2B08A1325B759C50038D385 /* Resources */ = {
			isa = PBXResourcesBuildPhase;
			buildActionMask = 2147483647;
			files = (
				C2B08A2525B759C80038D385 /* LaunchScreen.storyboard in Resources */,
				C2B08A2225B759C80038D385 /* Assets.xcassets in Resources */,
				C2B08A2025B759C60038D385 /* Main.storyboard in Resources */,
			);
			runOnlyForDeploymentPostprocessing = 0;
		};
		C2B08A2925B759C90038D385 /* Resources */ = {
			isa = PBXResourcesBuildPhase;
			buildActionMask = 2147483647;
			files = (
			);
			runOnlyForDeploymentPostprocessing = 0;
		};
		C2B08A3425B759C90038D385 /* Resources */ = {
			isa = PBXResourcesBuildPhase;
			buildActionMask = 2147483647;
			files = (
			);
			runOnlyForDeploymentPostprocessing = 0;
		};
/* End PBXResourcesBuildPhase section */

/* Begin PBXSourcesBuildPhase section */
		C2B08A1125B759C50038D385 /* Sources */ = {
			isa = PBXSourcesBuildPhase;
			buildActionMask = 2147483647;
			files = (
				C2B08A4C25B75B270038D385 /* UrunViewController.swift in Sources */,
				C2B08A1D25B759C50038D385 /* ViewController.swift in Sources */,
				C2B08A1925B759C50038D385 /* AppDelegate.swift in Sources */,
				C2B08A1B25B759C50038D385 /* SceneDelegate.swift in Sources */,
				C2B08A5125B81CE80038D385 /* KasaViewController.swift in Sources */,
			);
			runOnlyForDeploymentPostprocessing = 0;
		};
		C2B08A2725B759C90038D385 /* Sources */ = {
			isa = PBXSourcesBuildPhase;
			buildActionMask = 2147483647;
			files = (
				C2B08A3025B759C90038D385 /* testAppTests.swift in Sources */,
			);
			runOnlyForDeploymentPostprocessing = 0;
		};
		C2B08A3225B759C90038D385 /* Sources */ = {
			isa = PBXSourcesBuildPhase;
			buildActionMask = 2147483647;
			files = (
				C2B08A3B25B759C90038D385 /* testAppUITests.swift in Sources */,
			);
			runOnlyForDeploymentPostprocessing = 0;
		};
/* End PBXSourcesBuildPhase section */

/* Begin PBXTargetDependency section */
		C2B08A2D25B759C90038D385 /* PBXTargetDependency */ = {
			isa = PBXTargetDependency;
			target = C2B08A1425B759C50038D385 /* testApp */;
			targetProxy = C2B08A2C25B759C90038D385 /* PBXContainerItemProxy */;
		};
		C2B08A3825B759C90038D385 /* PBXTargetDependency */ = {
			isa = PBXTargetDependency;
			target = C2B08A1425B759C50038D385 /* testApp */;
			targetProxy = C2B08A3725B759C90038D385 /* PBXContainerItemProxy */;
		};
/* End PBXTargetDependency section */

/* Begin PBXVariantGroup section */
		C2B08A1E25B759C50038D385 /* Main.storyboard */ = {
			isa = PBXVariantGroup;
			children = (
				C2B08A1F25B759C50038D385 /* Base */,
			);
			name = Main.storyboard;
			sourceTree = "<group>";
		};
		C2B08A2325B759C80038D385 /* LaunchScreen.storyboard */ = {
			isa = PBXVariantGroup;
			children = (
				C2B08A2425B759C80038D385 /* Base */,
			);
			name = LaunchScreen.storyboard;
			sourceTree = "<group>";
		};
/* End PBXVariantGroup section */

/* Begin XCBuildConfiguration section */
		C2B08A3D25B759C90038D385 /* Debug */ = {
			isa = XCBuildConfiguration;
			buildSettings = {
				ALWAYS_SEARCH_USER_PATHS = NO;
				CLANG_ANALYZER_NONNULL = YES;
				CLANG_ANALYZER_NUMBER_OBJECT_CONVERSION = YES_AGGRESSIVE;
				CLANG_CXX_LANGUAGE_STANDARD = "gnu++14";
				CLANG_CXX_LIBRARY = "libc++";
				CLANG_ENABLE_MODULES = YES;
				CLANG_ENABLE_OBJC_ARC = YES;
				CLANG_ENABLE_OBJC_WEAK = YES;
				CLANG_WARN_BLOCK_CAPTURE_AUTORELEASING = YES;
				CLANG_WARN_BOOL_CONVERSION = YES;
				CLANG_WARN_COMMA = YES;
				CLANG_WARN_CONSTANT_CONVERSION = YES;
				CLANG_WARN_DEPRECATED_OBJC_IMPLEMENTATIONS = YES;
				CLANG_WARN_DIRECT_OBJC_ISA_USAGE = YES_ERROR;
				CLANG_WARN_DOCUMENTATION_COMMENTS = YES;
				CLANG_WARN_EMPTY_BODY = YES;
				CLANG_WARN_ENUM_CONVERSION = YES;
				CLANG_WARN_INFINITE_RECURSION = YES;
				CLANG_WARN_INT_CONVERSION = YES;
				CLANG_WARN_NON_LITERAL_NULL_CONVERSION = YES;
				CLANG_WARN_OBJC_IMPLICIT_RETAIN_SELF = YES;
				CLANG_WARN_OBJC_LITERAL_CONVERSION = YES;
				CLANG_WARN_OBJC_ROOT_CLASS = YES_ERROR;
				CLANG_WARN_QUOTED_INCLUDE_IN_FRAMEWORK_HEADER = YES;
				CLANG_WARN_RANGE_LOOP_ANALYSIS = YES;
				CLANG_WARN_STRICT_PROTOTYPES = YES;
				CLANG_WARN_SUSPICIOUS_MOVE = YES;
				CLANG_WARN_UNGUARDED_AVAILABILITY = YES_AGGRESSIVE;
				CLANG_WARN_UNREACHABLE_CODE = YES;
				CLANG_WARN__DUPLICATE_METHOD_MATCH = YES;
				COPY_PHASE_STRIP = NO;
				DEBUG_INFORMATION_FORMAT = dwarf;
				ENABLE_STRICT_OBJC_MSGSEND = YES;
				ENABLE_TESTABILITY = YES;
				GCC_C_LANGUAGE_STANDARD = gnu11;
				GCC_DYNAMIC_NO_PIC = NO;
				GCC_NO_COMMON_BLOCKS = YES;
				GCC_OPTIMIZATION_LEVEL = 0;
				GCC_PREPROCESSOR_DEFINITIONS = (
					"DEBUG=1",
					"$(inherited)",
				);
				GCC_WARN_64_TO_32_BIT_CONVERSION = YES;
				GCC_WARN_ABOUT_RETURN_TYPE = YES_ERROR;
				GCC_WARN_UNDECLARED_SELECTOR = YES;
				GCC_WARN_UNINITIALIZED_AUTOS = YES_AGGRESSIVE;
				GCC_WARN_UNUSED_FUNCTION = YES;
				GCC_WARN_UNUSED_VARIABLE = YES;
				IPHONEOS_DEPLOYMENT_TARGET = 14.0;
				MTL_ENABLE_DEBUG_INFO = INCLUDE_SOURCE;
				MTL_FAST_MATH = YES;
				ONLY_ACTIVE_ARCH = YES;
				SDKROOT = iphoneos;
				SWIFT_ACTIVE_COMPILATION_CONDITIONS = DEBUG;
				SWIFT_OPTIMIZATION_LEVEL = "-Onone";
			};
			name = Debug;
		};
		C2B08A3E25B759C90038D385 /* Release */ = {
			isa = XCBuildConfiguration;
			buildSettings = {
				ALWAYS_SEARCH_USER_PATHS = NO;
				CLANG_ANALYZER_NONNULL = YES;
				CLANG_ANALYZER_NUMBER_OBJECT_CONVERSION = YES_AGGRESSIVE;
				CLANG_CXX_LANGUAGE_STANDARD = "gnu++14";
				CLANG_CXX_LIBRARY = "libc++";
				CLANG_ENABLE_MODULES = YES;
				CLANG_ENABLE_OBJC_ARC = YES;
				CLANG_ENABLE_OBJC_WEAK = YES;
				CLANG_WARN_BLOCK_CAPTURE_AUTORELEASING = YES;
				CLANG_WARN_BOOL_CONVERSION = YES;
				CLANG_WARN_COMMA = YES;
				CLANG_WARN_CONSTANT_CONVERSION = YES;
				CLANG_WARN_DEPRECATED_OBJC_IMPLEMENTATIONS = YES;
				CLANG_WARN_DIRECT_OBJC_ISA_USAGE = YES_ERROR;
				CLANG_WARN_DOCUMENTATION_COMMENTS = YES;
				CLANG_WARN_EMPTY_BODY = YES;
				CLANG_WARN_ENUM_CONVERSION = YES;
				CLANG_WARN_INFINITE_RECURSION = YES;
				CLANG_WARN_INT_CONVERSION = YES;
				CLANG_WARN_NON_LITERAL_NULL_CONVERSION = YES;
				CLANG_WARN_OBJC_IMPLICIT_RETAIN_SELF = YES;
				CLANG_WARN_OBJC_LITERAL_CONVERSION = YES;
				CLANG_WARN_OBJC_ROOT_CLASS = YES_ERROR;
				CLANG_WARN_QUOTED_INCLUDE_IN_FRAMEWORK_HEADER = YES;
				CLANG_WARN_RANGE_LOOP_ANALYSIS = YES;
				CLANG_WARN_STRICT_PROTOTYPES = YES;
				CLANG_WARN_SUSPICIOUS_MOVE = YES;
				CLANG_WARN_UNGUARDED_AVAILABILITY = YES_AGGRESSIVE;
				CLANG_WARN_UNREACHABLE_CODE = YES;
				CLANG_WARN__DUPLICATE_METHOD_MATCH = YES;
				COPY_PHASE_STRIP = NO;
				DEBUG_INFORMATION_FORMAT = "dwarf-with-dsym";
				ENABLE_NS_ASSERTIONS = NO;
				ENABLE_STRICT_OBJC_MSGSEND = YES;
				GCC_C_LANGUAGE_STANDARD = gnu11;
				GCC_NO_COMMON_BLOCKS = YES;
				GCC_WARN_64_TO_32_BIT_CONVERSION = YES;
				GCC_WARN_ABOUT_RETURN_TYPE = YES_ERROR;
				GCC_WARN_UNDECLARED_SELECTOR = YES;
				GCC_WARN_UNINITIALIZED_AUTOS = YES_AGGRESSIVE;
				GCC_WARN_UNUSED_FUNCTION = YES;
				GCC_WARN_UNUSED_VARIABLE = YES;
				IPHONEOS_DEPLOYMENT_TARGET = 14.0;
				MTL_ENABLE_DEBUG_INFO = NO;
				MTL_FAST_MATH = YES;
				SDKROOT = iphoneos;
				SWIFT_COMPILATION_MODE = wholemodule;
				SWIFT_OPTIMIZATION_LEVEL = "-O";
				VALIDATE_PRODUCT = YES;
			};
			name = Release;
		};
		C2B08A4025B759C90038D385 /* Debug */ = {
			isa = XCBuildConfiguration;
			buildSettings = {
				ASSETCATALOG_COMPILER_APPICON_NAME = AppIcon;
				ASSETCATALOG_COMPILER_GLOBAL_ACCENT_COLOR_NAME = AccentColor;
				CODE_SIGN_STYLE = Automatic;
				DEVELOPMENT_TEAM = N77JVGT54D;
				INFOPLIST_FILE = testApp/Info.plist;
				LD_RUNPATH_SEARCH_PATHS = (
					"$(inherited)",
					"@executable_path/Frameworks",
				);
				PRODUCT_BUNDLE_IDENTIFIER = com.deremakif.testApp;
				PRODUCT_NAME = "$(TARGET_NAME)";
				SWIFT_VERSION = 5.0;
				TARGETED_DEVICE_FAMILY = "1,2";
			};
			name = Debug;
		};
		C2B08A4125B759C90038D385 /* Release */ = {
			isa = XCBuildConfiguration;
			buildSettings = {
				ASSETCATALOG_COMPILER_APPICON_NAME = AppIcon;
				ASSETCATALOG_COMPILER_GLOBAL_ACCENT_COLOR_NAME = AccentColor;
				CODE_SIGN_STYLE = Automatic;
				DEVELOPMENT_TEAM = N77JVGT54D;
				INFOPLIST_FILE = testApp/Info.plist;
				LD_RUNPATH_SEARCH_PATHS = (
					"$(inherited)",
					"@executable_path/Frameworks",
				);
				PRODUCT_BUNDLE_IDENTIFIER = com.deremakif.testApp;
				PRODUCT_NAME = "$(TARGET_NAME)";
				SWIFT_VERSION = 5.0;
				TARGETED_DEVICE_FAMILY = "1,2";
			};
			name = Release;
		};
		C2B08A4325B759C90038D385 /* Debug */ = {
			isa = XCBuildConfiguration;
			buildSettings = {
				ALWAYS_EMBED_SWIFT_STANDARD_LIBRARIES = YES;
				BUNDLE_LOADER = "$(TEST_HOST)";
				CODE_SIGN_STYLE = Automatic;
				DEVELOPMENT_TEAM = N77JVGT54D;
				INFOPLIST_FILE = testAppTests/Info.plist;
				IPHONEOS_DEPLOYMENT_TARGET = 14.0;
				LD_RUNPATH_SEARCH_PATHS = (
					"$(inherited)",
					"@executable_path/Frameworks",
					"@loader_path/Frameworks",
				);
				PRODUCT_BUNDLE_IDENTIFIER = com.deremakif.testAppTests;
				PRODUCT_NAME = "$(TARGET_NAME)";
				SWIFT_VERSION = 5.0;
				TARGETED_DEVICE_FAMILY = "1,2";
				TEST_HOST = "$(BUILT_PRODUCTS_DIR)/testApp.app/testApp";
			};
			name = Debug;
		};
		C2B08A4425B759C90038D385 /* Release */ = {
			isa = XCBuildConfiguration;
			buildSettings = {
				ALWAYS_EMBED_SWIFT_STANDARD_LIBRARIES = YES;
				BUNDLE_LOADER = "$(TEST_HOST)";
				CODE_SIGN_STYLE = Automatic;
				DEVELOPMENT_TEAM = N77JVGT54D;
				INFOPLIST_FILE = testAppTests/Info.plist;
				IPHONEOS_DEPLOYMENT_TARGET = 14.0;
				LD_RUNPATH_SEARCH_PATHS = (
					"$(inherited)",
					"@executable_path/Frameworks",
					"@loader_path/Frameworks",
				);
				PRODUCT_BUNDLE_IDENTIFIER = com.deremakif.testAppTests;
				PRODUCT_NAME = "$(TARGET_NAME)";
				SWIFT_VERSION = 5.0;
				TARGETED_DEVICE_FAMILY = "1,2";
				TEST_HOST = "$(BUILT_PRODUCTS_DIR)/testApp.app/testApp";
			};
			name = Release;
		};
		C2B08A4625B759C90038D385 /* Debug */ = {
			isa = XCBuildConfiguration;
			buildSettings = {
				ALWAYS_EMBED_SWIFT_STANDARD_LIBRARIES = YES;
				CODE_SIGN_STYLE = Automatic;
				DEVELOPMENT_TEAM = N77JVGT54D;
				INFOPLIST_FILE = testAppUITests/Info.plist;
				LD_RUNPATH_SEARCH_PATHS = (
					"$(inherited)",
					"@executable_path/Frameworks",
					"@loader_path/Frameworks",
				);
				PRODUCT_BUNDLE_IDENTIFIER = com.deremakif.testAppUITests;
				PRODUCT_NAME = "$(TARGET_NAME)";
				SWIFT_VERSION = 5.0;
				TARGETED_DEVICE_FAMILY = "1,2";
				TEST_TARGET_NAME = testApp;
			};
			name = Debug;
		};
		C2B08A4725B759C90038D385 /* Release */ = {
			isa = XCBuildConfiguration;
			buildSettings = {
				ALWAYS_EMBED_SWIFT_STANDARD_LIBRARIES = YES;
				CODE_SIGN_STYLE = Automatic;
				DEVELOPMENT_TEAM = N77JVGT54D;
				INFOPLIST_FILE = testAppUITests/Info.plist;
				LD_RUNPATH_SEARCH_PATHS = (
					"$(inherited)",
					"@executable_path/Frameworks",
					"@loader_path/Frameworks",
				);
				PRODUCT_BUNDLE_IDENTIFIER = com.deremakif.testAppUITests;
				PRODUCT_NAME = "$(TARGET_NAME)";
				SWIFT_VERSION = 5.0;
				TARGETED_DEVICE_FAMILY = "1,2";
				TEST_TARGET_NAME = testApp;
			};
			name = Release;
		};
/* End XCBuildConfiguration section */

/* Begin XCConfigurationList section */
		C2B08A1025B759C50038D385 /* Build configuration list for PBXProject "testApp" */ = {
			isa = XCConfigurationList;
			buildConfigurations = (
				C2B08A3D25B759C90038D385 /* Debug */,
				C2B08A3E25B759C90038D385 /* Release */,
			);
			defaultConfigurationIsVisible = 0;
			defaultConfigurationName = Release;
		};
		C2B08A3F25B759C90038D385 /* Build configuration list for PBXNativeTarget "testApp" */ = {
			isa = XCConfigurationList;
			buildConfigurations = (
				C2B08A4025B759C90038D385 /* Debug */,
				C2B08A4125B759C90038D385 /* Release */,
			);
			defaultConfigurationIsVisible = 0;
			defaultConfigurationName = Release;
		};
		C2B08A4225B759C90038D385 /* Build configuration list for PBXNativeTarget "testAppTests" */ = {
			isa = XCConfigurationList;
			buildConfigurations = (
				C2B08A4325B759C90038D385 /* Debug */,
				C2B08A4425B759C90038D385 /* Release */,
			);
			defaultConfigurationIsVisible = 0;
			defaultConfigurationName = Release;
		};
		C2B08A4525B759C90038D385 /* Build configuration list for PBXNativeTarget "testAppUITests" */ = {
			isa = XCConfigurationList;
			buildConfigurations = (
				C2B08A4625B759C90038D385 /* Debug */,
				C2B08A4725B759C90038D385 /* Release */,
			);
			defaultConfigurationIsVisible = 0;
			defaultConfigurationName = Release;
		};
/* End XCConfigurationList section */
	};
	rootObject = C2B08A0D25B759C50038D385 /* Project object */;
}
